PODS:
  - Alamofire (5.4.3)
  - ProgressHUD (2.70)
  - ReachabilitySwift (5.0.0)

DEPENDENCIES:
  - Alamofire (~> 5.2)
  - ProgressHUD
  - ReachabilitySwift

SPEC REPOS:
  trunk:
    - Alamofire
    - ProgressHUD
    - ReachabilitySwift

SPEC CHECKSUMS:
  Alamofire: e447a2774a40c996748296fa2c55112fdbbc42f9
  ProgressHUD: e603e8b8622c47d8818b9fb38b3cfe9d3e7ca421
  ReachabilitySwift: 985039c6f7b23a1da463388634119492ff86c825

PODFILE CHECKSUM: 602e26e7e41137869ae11abc02d75298218709e3

COCOAPODS: 1.10.1
