PODS:
  - Alamofire (5.4.3)
  - ProgressHUD (13.6)
  - ReachabilitySwift (5.0.0)

DEPENDENCIES:
  - Alamofire (~> 5.2)
  - ProgressHUD
  - ReachabilitySwift

SPEC REPOS:
  trunk:
    - Alamofire
    - ProgressHUD
    - ReachabilitySwift

SPEC CHECKSUMS:
  Alamofire: e447a2774a40c996748296fa2c55112fdbbc42f9
  ProgressHUD: 4bdaa0d2ddf676b23324b199f9facffb5c3a1620
  ReachabilitySwift: 985039c6f7b23a1da463388634119492ff86c825

PODFILE CHECKSUM: 78143c46a54fa01898135fbe406f42717d64fb32

COCOAPODS: 1.10.1
